
Microsoft Visual Studio Solution File, Format Version 12.00
# Visual Studio Version 17
VisualStudioVersion = 17.0.31903.59
MinimumVisualStudioVersion = 10.0.40219.1
Project("{2150E333-8FDC-42A3-9474-1A3956D46DE8}") = "src", "src", "{2E952750-ACE6-4773-A7CA-5B10A19FCD57}"
EndProject
Project("{FAE04EC0-301F-11D3-BF4B-00C04F79EFBC}") = "Presentation.API", "src\Presentation.API\Presentation.API.csproj", "{B305DD8F-7CA1-47AA-A343-4B6CA22EF8D2}"
EndProject
Project("{FAE04EC0-301F-11D3-BF4B-00C04F79EFBC}") = "Core", "src\Core\Core.csproj", "{ACD0E688-B76C-41D3-BD9B-727196E340EC}"
EndProject
Project("{FAE04EC0-301F-11D3-BF4B-00C04F79EFBC}") = "Data", "src\Data\Data.csproj", "{E2170C16-2B2E-4189-8ED2-2C37B43E5EEA}"
EndProject
Project("{FAE04EC0-301F-11D3-BF4B-00C04F79EFBC}") = "Business", "src\Business\Business.csproj", "{D2AB5059-7026-4CA5-8B13-450723EF7137}"
EndProject
Project("{FAE04EC0-301F-11D3-BF4B-00C04F79EFBC}") = "Integrations", "src\Integrations\Integrations.csproj", "{446D71A4-67F9-47DA-AA85-40917AA8F081}"
EndProject
Global
	GlobalSection(SolutionConfigurationPlatforms) = preSolution
		Debug|Any CPU = Debug|Any CPU
		Release|Any CPU = Release|Any CPU
	EndGlobalSection
	GlobalSection(SolutionProperties) = preSolution
		HideSolutionNode = FALSE
	EndGlobalSection
	GlobalSection(ProjectConfigurationPlatforms) = postSolution
		{B305DD8F-7CA1-47AA-A343-4B6CA22EF8D2}.Debug|Any CPU.ActiveCfg = Debug|Any CPU
		{B305DD8F-7CA1-47AA-A343-4B6CA22EF8D2}.Debug|Any CPU.Build.0 = Debug|Any CPU
		{B305DD8F-7CA1-47AA-A343-4B6CA22EF8D2}.Release|Any CPU.ActiveCfg = Release|Any CPU
		{B305DD8F-7CA1-47AA-A343-4B6CA22EF8D2}.Release|Any CPU.Build.0 = Release|Any CPU
		{ACD0E688-B76C-41D3-BD9B-727196E340EC}.Debug|Any CPU.ActiveCfg = Debug|Any CPU
		{ACD0E688-B76C-41D3-BD9B-727196E340EC}.Debug|Any CPU.Build.0 = Debug|Any CPU
		{ACD0E688-B76C-41D3-BD9B-727196E340EC}.Release|Any CPU.ActiveCfg = Release|Any CPU
		{ACD0E688-B76C-41D3-BD9B-727196E340EC}.Release|Any CPU.Build.0 = Release|Any CPU
		{E2170C16-2B2E-4189-8ED2-2C37B43E5EEA}.Debug|Any CPU.ActiveCfg = Debug|Any CPU
		{E2170C16-2B2E-4189-8ED2-2C37B43E5EEA}.Debug|Any CPU.Build.0 = Debug|Any CPU
		{E2170C16-2B2E-4189-8ED2-2C37B43E5EEA}.Release|Any CPU.ActiveCfg = Release|Any CPU
		{E2170C16-2B2E-4189-8ED2-2C37B43E5EEA}.Release|Any CPU.Build.0 = Release|Any CPU
		{D2AB5059-7026-4CA5-8B13-450723EF7137}.Debug|Any CPU.ActiveCfg = Debug|Any CPU
		{D2AB5059-7026-4CA5-8B13-450723EF7137}.Debug|Any CPU.Build.0 = Debug|Any CPU
		{D2AB5059-7026-4CA5-8B13-450723EF7137}.Release|Any CPU.ActiveCfg = Release|Any CPU
		{D2AB5059-7026-4CA5-8B13-450723EF7137}.Release|Any CPU.Build.0 = Release|Any CPU
		{446D71A4-67F9-47DA-AA85-40917AA8F081}.Debug|Any CPU.ActiveCfg = Debug|Any CPU
		{446D71A4-67F9-47DA-AA85-40917AA8F081}.Debug|Any CPU.Build.0 = Debug|Any CPU
		{446D71A4-67F9-47DA-AA85-40917AA8F081}.Release|Any CPU.ActiveCfg = Release|Any CPU
		{446D71A4-67F9-47DA-AA85-40917AA8F081}.Release|Any CPU.Build.0 = Release|Any CPU
	EndGlobalSection
	GlobalSection(NestedProjects) = preSolution
		{B305DD8F-7CA1-47AA-A343-4B6CA22EF8D2} = {2E952750-ACE6-4773-A7CA-5B10A19FCD57}
		{ACD0E688-B76C-41D3-BD9B-727196E340EC} = {2E952750-ACE6-4773-A7CA-5B10A19FCD57}
		{E2170C16-2B2E-4189-8ED2-2C37B43E5EEA} = {2E952750-ACE6-4773-A7CA-5B10A19FCD57}
		{D2AB5059-7026-4CA5-8B13-450723EF7137} = {2E952750-ACE6-4773-A7CA-5B10A19FCD57}
		{446D71A4-67F9-47DA-AA85-40917AA8F081} = {2E952750-ACE6-4773-A7CA-5B10A19FCD57}
	EndGlobalSection
EndGlobal
